
Microsoft Visual Studio Solution File, Format Version 12.00
# Visual Studio 15
VisualStudioVersion = 15.0.28010.2026
MinimumVisualStudioVersion = 10.0.40219.1
Project("{FAE04EC0-301F-11D3-BF4B-00C04F79EFBC}") = "Chef.Extensions.String", "Chef.Extensions.String\Chef.Extensions.String.csproj", "{4A817E5A-0DCE-466A-9252-C5FB69EBF9C0}"
EndProject
Project("{FAE04EC0-301F-11D3-BF4B-00C04F79EFBC}") = "Chef.Extensions.Data", "Chef.Extensions.Data\Chef.Extensions.Data.csproj", "{DA927E1A-EE96-4617-AF41-1B780E938B54}"
EndProject
Project("{FAE04EC0-301F-11D3-BF4B-00C04F79EFBC}") = "Chef.Extensions.DateTime", "Chef.Extensions.DateTime\Chef.Extensions.DateTime.csproj", "{B673B898-AF71-4701-A73B-AD89B711FF07}"
EndProject
Project("{FAE04EC0-301F-11D3-BF4B-00C04F79EFBC}") = "Chef.Extensions.IEnumerable", "Chef.Extensions.IEnumerable\Chef.Extensions.IEnumerable.csproj", "{069C7E8F-B324-41FA-9258-573B94C345C0}"
EndProject
Project("{FAE04EC0-301F-11D3-BF4B-00C04F79EFBC}") = "Chef.Extensions.FormControl", "Chef.Extensions.FormControl\Chef.Extensions.FormControl.csproj", "{75900179-FF27-41F1-99AE-F7CB2457C447}"
EndProject
Project("{FAE04EC0-301F-11D3-BF4B-00C04F79EFBC}") = "Chef.Extensions.Dapper", "Chef.Extensions.Dapper\Chef.Extensions.Dapper.csproj", "{040C5A56-6B70-43CB-B580-8AAA9DA608A6}"
EndProject
Project("{FAE04EC0-301F-11D3-BF4B-00C04F79EFBC}") = "Chef.Extensions.Double", "Chef.Extensions.Double\Chef.Extensions.Double.csproj", "{A208FF29-2BAA-4BE4-8BD4-CA8FACFC353C}"
EndProject
Project("{FAE04EC0-301F-11D3-BF4B-00C04F79EFBC}") = "Chef.Extensions.Type", "Chef.Extensions.Type\Chef.Extensions.Type.csproj", "{7D6D41AB-DF92-4EAC-9A37-6D62ABF351DB}"
EndProject
Project("{FAE04EC0-301F-11D3-BF4B-00C04F79EFBC}") = "Chef.Extensions.Dictionary", "Chef.Extensions.Dictionary\Chef.Extensions.Dictionary.csproj", "{0782168D-5C7E-4579-9EDD-EE15A52CB8CE}"
EndProject
Project("{FAE04EC0-301F-11D3-BF4B-00C04F79EFBC}") = "Chef.Extensions.Boolean", "Chef.Extensions.Boolean\Chef.Extensions.Boolean.csproj", "{10B28FFF-838D-4985-89DD-AB8DDE017BB0}"
EndProject
Project("{FAE04EC0-301F-11D3-BF4B-00C04F79EFBC}") = "Chef.Extensions.Dapper.NET451", "Chef.Extensions.Dapper.NET451\Chef.Extensions.Dapper.NET451.csproj", "{CB3C580D-4AF4-491C-A4E9-FCA8F2773445}"
EndProject
Project("{FAE04EC0-301F-11D3-BF4B-00C04F79EFBC}") = "Chef.Extensions.Dapper.NET461", "Chef.Extensions.Dapper.NET461\Chef.Extensions.Dapper.NET461.csproj", "{B71FDDF8-2E42-4010-AD43-F48F0369FD10}"
EndProject
Project("{FAE04EC0-301F-11D3-BF4B-00C04F79EFBC}") = "Chef.Extensions.Data.NET451", "Chef.Extensions.Data.NET451\Chef.Extensions.Data.NET451.csproj", "{1C97C87E-5B84-4E2B-98F3-E3B763A61E84}"
EndProject
Project("{FAE04EC0-301F-11D3-BF4B-00C04F79EFBC}") = "Chef.Extensions.Data.NET461", "Chef.Extensions.Data.NET461\Chef.Extensions.Data.NET461.csproj", "{544F412E-3FFA-4B09-BDF2-3F70D1EFC2B5}"
EndProject
Project("{FAE04EC0-301F-11D3-BF4B-00C04F79EFBC}") = "Chef.Extensions.FormControl.NET461", "Chef.Extensions.FormControl.NET461\Chef.Extensions.FormControl.NET461.csproj", "{C7B05883-A8DB-4322-A791-D045D56A0F8E}"
EndProject
Project("{FAE04EC0-301F-11D3-BF4B-00C04F79EFBC}") = "Chef.Extensions.FormControl.NET451", "Chef.Extensions.FormControl.NET451\Chef.Extensions.FormControl.NET451.csproj", "{0585F4EA-4314-41FA-90D1-22DABA87CF55}"
EndProject
Project("{FAE04EC0-301F-11D3-BF4B-00C04F79EFBC}") = "Chef.Extensions.Controller", "Chef.Extensions.Controller\Chef.Extensions.Controller.csproj", "{581C46DC-F654-44A1-B487-B2081A13F835}"
EndProject
Project("{FAE04EC0-301F-11D3-BF4B-00C04F79EFBC}") = "Chef.Extensions.Controller.NET451", "Chef.Extensions.Controller.NET451\Chef.Extensions.Controller.NET451.csproj", "{0CCB6E7A-A5B3-40AA-A8DA-12722C1166DC}"
EndProject
Project("{FAE04EC0-301F-11D3-BF4B-00C04F79EFBC}") = "Chef.Extensions.Controller.NET461", "Chef.Extensions.Controller.NET461\Chef.Extensions.Controller.NET461.csproj", "{3B79B7AC-FD24-4114-BE7E-2A1AD34DCC51}"
EndProject
Project("{FAE04EC0-301F-11D3-BF4B-00C04F79EFBC}") = "Chef.Extensions.Agility", "Chef.Extensions.Agility\Chef.Extensions.Agility.csproj", "{B7A6BE55-51CF-45EA-91A5-8CBA12972646}"
EndProject
Project("{FAE04EC0-301F-11D3-BF4B-00C04F79EFBC}") = "Chef.Extensions.Agility.NET451", "Chef.Extensions.Agility.NET451\Chef.Extensions.Agility.NET451.csproj", "{816B6E42-4D60-4251-8F2D-6DF939424E74}"
EndProject
Project("{FAE04EC0-301F-11D3-BF4B-00C04F79EFBC}") = "Chef.Extensions.Agility.NET461", "Chef.Extensions.Agility.NET461\Chef.Extensions.Agility.NET461.csproj", "{3E1FF27F-6B35-45BE-8264-8218066094F0}"
EndProject
Project("{FAE04EC0-301F-11D3-BF4B-00C04F79EFBC}") = "Chef.Extensions.ActionFilter", "Chef.Extensions.ActionFilter\Chef.Extensions.ActionFilter.csproj", "{9A925EB8-51C1-4345-BC2E-4A6E5A12C2E7}"
EndProject
Project("{FAE04EC0-301F-11D3-BF4B-00C04F79EFBC}") = "Chef.Extensions.ActionFilter.NET451", "Chef.Extensions.ActionFilter.NET451\Chef.Extensions.ActionFilter.NET451.csproj", "{5D5942FD-210E-4ADC-8314-9C7EC00F2C39}"
EndProject
Project("{FAE04EC0-301F-11D3-BF4B-00C04F79EFBC}") = "Chef.Extensions.ActionFilter.NET461", "Chef.Extensions.ActionFilter.NET461\Chef.Extensions.ActionFilter.NET461.csproj", "{BE85B6F5-4068-41B8-A587-DD505F286D31}"
EndProject
Project("{FAE04EC0-301F-11D3-BF4B-00C04F79EFBC}") = "Chef.Extensions.Object", "Chef.Extensions.Object\Chef.Extensions.Object.csproj", "{35EAF676-CCA4-4D53-891A-5CF68AB85A82}"
EndProject
Global
	GlobalSection(SolutionConfigurationPlatforms) = preSolution
		Debug|Any CPU = Debug|Any CPU
		Release|Any CPU = Release|Any CPU
		Release-NET451|Any CPU = Release-NET451|Any CPU
		Release-NET461|Any CPU = Release-NET461|Any CPU
	EndGlobalSection
	GlobalSection(ProjectConfigurationPlatforms) = postSolution
		{4A817E5A-0DCE-466A-9252-C5FB69EBF9C0}.Debug|Any CPU.ActiveCfg = Debug|Any CPU
		{4A817E5A-0DCE-466A-9252-C5FB69EBF9C0}.Debug|Any CPU.Build.0 = Debug|Any CPU
		{4A817E5A-0DCE-466A-9252-C5FB69EBF9C0}.Release|Any CPU.ActiveCfg = Release|Any CPU
		{4A817E5A-0DCE-466A-9252-C5FB69EBF9C0}.Release|Any CPU.Build.0 = Release|Any CPU
		{4A817E5A-0DCE-466A-9252-C5FB69EBF9C0}.Release-NET451|Any CPU.ActiveCfg = Release|Any CPU
		{4A817E5A-0DCE-466A-9252-C5FB69EBF9C0}.Release-NET451|Any CPU.Build.0 = Release|Any CPU
		{4A817E5A-0DCE-466A-9252-C5FB69EBF9C0}.Release-NET461|Any CPU.ActiveCfg = Release|Any CPU
		{4A817E5A-0DCE-466A-9252-C5FB69EBF9C0}.Release-NET461|Any CPU.Build.0 = Release|Any CPU
		{DA927E1A-EE96-4617-AF41-1B780E938B54}.Debug|Any CPU.ActiveCfg = Debug|Any CPU
		{DA927E1A-EE96-4617-AF41-1B780E938B54}.Debug|Any CPU.Build.0 = Debug|Any CPU
		{DA927E1A-EE96-4617-AF41-1B780E938B54}.Release|Any CPU.ActiveCfg = Release|Any CPU
		{DA927E1A-EE96-4617-AF41-1B780E938B54}.Release|Any CPU.Build.0 = Release|Any CPU
		{DA927E1A-EE96-4617-AF41-1B780E938B54}.Release-NET451|Any CPU.ActiveCfg = Release|Any CPU
		{DA927E1A-EE96-4617-AF41-1B780E938B54}.Release-NET451|Any CPU.Build.0 = Release|Any CPU
		{DA927E1A-EE96-4617-AF41-1B780E938B54}.Release-NET461|Any CPU.ActiveCfg = Release|Any CPU
		{DA927E1A-EE96-4617-AF41-1B780E938B54}.Release-NET461|Any CPU.Build.0 = Release|Any CPU
		{B673B898-AF71-4701-A73B-AD89B711FF07}.Debug|Any CPU.ActiveCfg = Debug|Any CPU
		{B673B898-AF71-4701-A73B-AD89B711FF07}.Debug|Any CPU.Build.0 = Debug|Any CPU
		{B673B898-AF71-4701-A73B-AD89B711FF07}.Release|Any CPU.ActiveCfg = Release|Any CPU
		{B673B898-AF71-4701-A73B-AD89B711FF07}.Release|Any CPU.Build.0 = Release|Any CPU
		{B673B898-AF71-4701-A73B-AD89B711FF07}.Release-NET451|Any CPU.ActiveCfg = Release|Any CPU
		{B673B898-AF71-4701-A73B-AD89B711FF07}.Release-NET451|Any CPU.Build.0 = Release|Any CPU
		{B673B898-AF71-4701-A73B-AD89B711FF07}.Release-NET461|Any CPU.ActiveCfg = Release|Any CPU
		{B673B898-AF71-4701-A73B-AD89B711FF07}.Release-NET461|Any CPU.Build.0 = Release|Any CPU
		{069C7E8F-B324-41FA-9258-573B94C345C0}.Debug|Any CPU.ActiveCfg = Debug|Any CPU
		{069C7E8F-B324-41FA-9258-573B94C345C0}.Debug|Any CPU.Build.0 = Debug|Any CPU
		{069C7E8F-B324-41FA-9258-573B94C345C0}.Release|Any CPU.ActiveCfg = Release|Any CPU
		{069C7E8F-B324-41FA-9258-573B94C345C0}.Release|Any CPU.Build.0 = Release|Any CPU
		{069C7E8F-B324-41FA-9258-573B94C345C0}.Release-NET451|Any CPU.ActiveCfg = Release|Any CPU
		{069C7E8F-B324-41FA-9258-573B94C345C0}.Release-NET451|Any CPU.Build.0 = Release|Any CPU
		{069C7E8F-B324-41FA-9258-573B94C345C0}.Release-NET461|Any CPU.ActiveCfg = Release|Any CPU
		{069C7E8F-B324-41FA-9258-573B94C345C0}.Release-NET461|Any CPU.Build.0 = Release|Any CPU
		{75900179-FF27-41F1-99AE-F7CB2457C447}.Debug|Any CPU.ActiveCfg = Debug|Any CPU
		{75900179-FF27-41F1-99AE-F7CB2457C447}.Debug|Any CPU.Build.0 = Debug|Any CPU
		{75900179-FF27-41F1-99AE-F7CB2457C447}.Release|Any CPU.ActiveCfg = Release|Any CPU
		{75900179-FF27-41F1-99AE-F7CB2457C447}.Release|Any CPU.Build.0 = Release|Any CPU
		{75900179-FF27-41F1-99AE-F7CB2457C447}.Release-NET451|Any CPU.ActiveCfg = Release|Any CPU
		{75900179-FF27-41F1-99AE-F7CB2457C447}.Release-NET451|Any CPU.Build.0 = Release|Any CPU
		{75900179-FF27-41F1-99AE-F7CB2457C447}.Release-NET461|Any CPU.ActiveCfg = Release|Any CPU
		{75900179-FF27-41F1-99AE-F7CB2457C447}.Release-NET461|Any CPU.Build.0 = Release|Any CPU
		{040C5A56-6B70-43CB-B580-8AAA9DA608A6}.Debug|Any CPU.ActiveCfg = Debug|Any CPU
		{040C5A56-6B70-43CB-B580-8AAA9DA608A6}.Debug|Any CPU.Build.0 = Debug|Any CPU
		{040C5A56-6B70-43CB-B580-8AAA9DA608A6}.Release|Any CPU.ActiveCfg = Release|Any CPU
		{040C5A56-6B70-43CB-B580-8AAA9DA608A6}.Release|Any CPU.Build.0 = Release|Any CPU
		{040C5A56-6B70-43CB-B580-8AAA9DA608A6}.Release-NET451|Any CPU.ActiveCfg = Release|Any CPU
		{040C5A56-6B70-43CB-B580-8AAA9DA608A6}.Release-NET451|Any CPU.Build.0 = Release|Any CPU
		{040C5A56-6B70-43CB-B580-8AAA9DA608A6}.Release-NET461|Any CPU.ActiveCfg = Release|Any CPU
		{040C5A56-6B70-43CB-B580-8AAA9DA608A6}.Release-NET461|Any CPU.Build.0 = Release|Any CPU
		{A208FF29-2BAA-4BE4-8BD4-CA8FACFC353C}.Debug|Any CPU.ActiveCfg = Debug|Any CPU
		{A208FF29-2BAA-4BE4-8BD4-CA8FACFC353C}.Debug|Any CPU.Build.0 = Debug|Any CPU
		{A208FF29-2BAA-4BE4-8BD4-CA8FACFC353C}.Release|Any CPU.ActiveCfg = Release|Any CPU
		{A208FF29-2BAA-4BE4-8BD4-CA8FACFC353C}.Release|Any CPU.Build.0 = Release|Any CPU
		{A208FF29-2BAA-4BE4-8BD4-CA8FACFC353C}.Release-NET451|Any CPU.ActiveCfg = Release|Any CPU
		{A208FF29-2BAA-4BE4-8BD4-CA8FACFC353C}.Release-NET451|Any CPU.Build.0 = Release|Any CPU
		{A208FF29-2BAA-4BE4-8BD4-CA8FACFC353C}.Release-NET461|Any CPU.ActiveCfg = Release|Any CPU
		{A208FF29-2BAA-4BE4-8BD4-CA8FACFC353C}.Release-NET461|Any CPU.Build.0 = Release|Any CPU
		{7D6D41AB-DF92-4EAC-9A37-6D62ABF351DB}.Debug|Any CPU.ActiveCfg = Debug|Any CPU
		{7D6D41AB-DF92-4EAC-9A37-6D62ABF351DB}.Debug|Any CPU.Build.0 = Debug|Any CPU
		{7D6D41AB-DF92-4EAC-9A37-6D62ABF351DB}.Release|Any CPU.ActiveCfg = Release|Any CPU
		{7D6D41AB-DF92-4EAC-9A37-6D62ABF351DB}.Release|Any CPU.Build.0 = Release|Any CPU
		{7D6D41AB-DF92-4EAC-9A37-6D62ABF351DB}.Release-NET451|Any CPU.ActiveCfg = Release|Any CPU
		{7D6D41AB-DF92-4EAC-9A37-6D62ABF351DB}.Release-NET451|Any CPU.Build.0 = Release|Any CPU
		{7D6D41AB-DF92-4EAC-9A37-6D62ABF351DB}.Release-NET461|Any CPU.ActiveCfg = Release|Any CPU
		{7D6D41AB-DF92-4EAC-9A37-6D62ABF351DB}.Release-NET461|Any CPU.Build.0 = Release|Any CPU
		{0782168D-5C7E-4579-9EDD-EE15A52CB8CE}.Debug|Any CPU.ActiveCfg = Debug|Any CPU
		{0782168D-5C7E-4579-9EDD-EE15A52CB8CE}.Debug|Any CPU.Build.0 = Debug|Any CPU
		{0782168D-5C7E-4579-9EDD-EE15A52CB8CE}.Release|Any CPU.ActiveCfg = Release|Any CPU
		{0782168D-5C7E-4579-9EDD-EE15A52CB8CE}.Release|Any CPU.Build.0 = Release|Any CPU
		{0782168D-5C7E-4579-9EDD-EE15A52CB8CE}.Release-NET451|Any CPU.ActiveCfg = Release|Any CPU
		{0782168D-5C7E-4579-9EDD-EE15A52CB8CE}.Release-NET451|Any CPU.Build.0 = Release|Any CPU
		{0782168D-5C7E-4579-9EDD-EE15A52CB8CE}.Release-NET461|Any CPU.ActiveCfg = Release|Any CPU
		{0782168D-5C7E-4579-9EDD-EE15A52CB8CE}.Release-NET461|Any CPU.Build.0 = Release|Any CPU
		{10B28FFF-838D-4985-89DD-AB8DDE017BB0}.Debug|Any CPU.ActiveCfg = Debug|Any CPU
		{10B28FFF-838D-4985-89DD-AB8DDE017BB0}.Debug|Any CPU.Build.0 = Debug|Any CPU
		{10B28FFF-838D-4985-89DD-AB8DDE017BB0}.Release|Any CPU.ActiveCfg = Release|Any CPU
		{10B28FFF-838D-4985-89DD-AB8DDE017BB0}.Release|Any CPU.Build.0 = Release|Any CPU
		{10B28FFF-838D-4985-89DD-AB8DDE017BB0}.Release-NET451|Any CPU.ActiveCfg = Release|Any CPU
		{10B28FFF-838D-4985-89DD-AB8DDE017BB0}.Release-NET451|Any CPU.Build.0 = Release|Any CPU
		{10B28FFF-838D-4985-89DD-AB8DDE017BB0}.Release-NET461|Any CPU.ActiveCfg = Release|Any CPU
		{10B28FFF-838D-4985-89DD-AB8DDE017BB0}.Release-NET461|Any CPU.Build.0 = Release|Any CPU
		{CB3C580D-4AF4-491C-A4E9-FCA8F2773445}.Debug|Any CPU.ActiveCfg = Debug|Any CPU
		{CB3C580D-4AF4-491C-A4E9-FCA8F2773445}.Debug|Any CPU.Build.0 = Debug|Any CPU
		{CB3C580D-4AF4-491C-A4E9-FCA8F2773445}.Release|Any CPU.ActiveCfg = Release|Any CPU
		{CB3C580D-4AF4-491C-A4E9-FCA8F2773445}.Release|Any CPU.Build.0 = Release|Any CPU
		{CB3C580D-4AF4-491C-A4E9-FCA8F2773445}.Release-NET451|Any CPU.ActiveCfg = Release|Any CPU
		{CB3C580D-4AF4-491C-A4E9-FCA8F2773445}.Release-NET451|Any CPU.Build.0 = Release|Any CPU
		{CB3C580D-4AF4-491C-A4E9-FCA8F2773445}.Release-NET461|Any CPU.ActiveCfg = Release|Any CPU
		{CB3C580D-4AF4-491C-A4E9-FCA8F2773445}.Release-NET461|Any CPU.Build.0 = Release|Any CPU
		{B71FDDF8-2E42-4010-AD43-F48F0369FD10}.Debug|Any CPU.ActiveCfg = Debug|Any CPU
		{B71FDDF8-2E42-4010-AD43-F48F0369FD10}.Debug|Any CPU.Build.0 = Debug|Any CPU
		{B71FDDF8-2E42-4010-AD43-F48F0369FD10}.Release|Any CPU.ActiveCfg = Release|Any CPU
		{B71FDDF8-2E42-4010-AD43-F48F0369FD10}.Release|Any CPU.Build.0 = Release|Any CPU
		{B71FDDF8-2E42-4010-AD43-F48F0369FD10}.Release-NET451|Any CPU.ActiveCfg = Release|Any CPU
		{B71FDDF8-2E42-4010-AD43-F48F0369FD10}.Release-NET451|Any CPU.Build.0 = Release|Any CPU
		{B71FDDF8-2E42-4010-AD43-F48F0369FD10}.Release-NET461|Any CPU.ActiveCfg = Release|Any CPU
		{B71FDDF8-2E42-4010-AD43-F48F0369FD10}.Release-NET461|Any CPU.Build.0 = Release|Any CPU
		{1C97C87E-5B84-4E2B-98F3-E3B763A61E84}.Debug|Any CPU.ActiveCfg = Debug|Any CPU
		{1C97C87E-5B84-4E2B-98F3-E3B763A61E84}.Debug|Any CPU.Build.0 = Debug|Any CPU
		{1C97C87E-5B84-4E2B-98F3-E3B763A61E84}.Release|Any CPU.ActiveCfg = Release|Any CPU
		{1C97C87E-5B84-4E2B-98F3-E3B763A61E84}.Release|Any CPU.Build.0 = Release|Any CPU
		{1C97C87E-5B84-4E2B-98F3-E3B763A61E84}.Release-NET451|Any CPU.ActiveCfg = Release|Any CPU
		{1C97C87E-5B84-4E2B-98F3-E3B763A61E84}.Release-NET451|Any CPU.Build.0 = Release|Any CPU
		{1C97C87E-5B84-4E2B-98F3-E3B763A61E84}.Release-NET461|Any CPU.ActiveCfg = Release|Any CPU
		{1C97C87E-5B84-4E2B-98F3-E3B763A61E84}.Release-NET461|Any CPU.Build.0 = Release|Any CPU
		{544F412E-3FFA-4B09-BDF2-3F70D1EFC2B5}.Debug|Any CPU.ActiveCfg = Debug|Any CPU
		{544F412E-3FFA-4B09-BDF2-3F70D1EFC2B5}.Debug|Any CPU.Build.0 = Debug|Any CPU
		{544F412E-3FFA-4B09-BDF2-3F70D1EFC2B5}.Release|Any CPU.ActiveCfg = Release|Any CPU
		{544F412E-3FFA-4B09-BDF2-3F70D1EFC2B5}.Release|Any CPU.Build.0 = Release|Any CPU
		{544F412E-3FFA-4B09-BDF2-3F70D1EFC2B5}.Release-NET451|Any CPU.ActiveCfg = Release|Any CPU
		{544F412E-3FFA-4B09-BDF2-3F70D1EFC2B5}.Release-NET451|Any CPU.Build.0 = Release|Any CPU
		{544F412E-3FFA-4B09-BDF2-3F70D1EFC2B5}.Release-NET461|Any CPU.ActiveCfg = Release|Any CPU
		{544F412E-3FFA-4B09-BDF2-3F70D1EFC2B5}.Release-NET461|Any CPU.Build.0 = Release|Any CPU
		{C7B05883-A8DB-4322-A791-D045D56A0F8E}.Debug|Any CPU.ActiveCfg = Debug|Any CPU
		{C7B05883-A8DB-4322-A791-D045D56A0F8E}.Debug|Any CPU.Build.0 = Debug|Any CPU
		{C7B05883-A8DB-4322-A791-D045D56A0F8E}.Release|Any CPU.ActiveCfg = Release|Any CPU
		{C7B05883-A8DB-4322-A791-D045D56A0F8E}.Release|Any CPU.Build.0 = Release|Any CPU
		{C7B05883-A8DB-4322-A791-D045D56A0F8E}.Release-NET451|Any CPU.ActiveCfg = Release|Any CPU
		{C7B05883-A8DB-4322-A791-D045D56A0F8E}.Release-NET451|Any CPU.Build.0 = Release|Any CPU
		{C7B05883-A8DB-4322-A791-D045D56A0F8E}.Release-NET461|Any CPU.ActiveCfg = Release|Any CPU
		{C7B05883-A8DB-4322-A791-D045D56A0F8E}.Release-NET461|Any CPU.Build.0 = Release|Any CPU
		{0585F4EA-4314-41FA-90D1-22DABA87CF55}.Debug|Any CPU.ActiveCfg = Debug|Any CPU
		{0585F4EA-4314-41FA-90D1-22DABA87CF55}.Debug|Any CPU.Build.0 = Debug|Any CPU
		{0585F4EA-4314-41FA-90D1-22DABA87CF55}.Release|Any CPU.ActiveCfg = Release|Any CPU
		{0585F4EA-4314-41FA-90D1-22DABA87CF55}.Release|Any CPU.Build.0 = Release|Any CPU
		{0585F4EA-4314-41FA-90D1-22DABA87CF55}.Release-NET451|Any CPU.ActiveCfg = Release|Any CPU
		{0585F4EA-4314-41FA-90D1-22DABA87CF55}.Release-NET451|Any CPU.Build.0 = Release|Any CPU
		{0585F4EA-4314-41FA-90D1-22DABA87CF55}.Release-NET461|Any CPU.ActiveCfg = Release|Any CPU
		{0585F4EA-4314-41FA-90D1-22DABA87CF55}.Release-NET461|Any CPU.Build.0 = Release|Any CPU
		{581C46DC-F654-44A1-B487-B2081A13F835}.Debug|Any CPU.ActiveCfg = Debug|Any CPU
		{581C46DC-F654-44A1-B487-B2081A13F835}.Debug|Any CPU.Build.0 = Debug|Any CPU
		{581C46DC-F654-44A1-B487-B2081A13F835}.Release|Any CPU.ActiveCfg = Release|Any CPU
		{581C46DC-F654-44A1-B487-B2081A13F835}.Release|Any CPU.Build.0 = Release|Any CPU
		{581C46DC-F654-44A1-B487-B2081A13F835}.Release-NET451|Any CPU.ActiveCfg = Release|Any CPU
		{581C46DC-F654-44A1-B487-B2081A13F835}.Release-NET451|Any CPU.Build.0 = Release|Any CPU
		{581C46DC-F654-44A1-B487-B2081A13F835}.Release-NET461|Any CPU.ActiveCfg = Release|Any CPU
		{581C46DC-F654-44A1-B487-B2081A13F835}.Release-NET461|Any CPU.Build.0 = Release|Any CPU
		{0CCB6E7A-A5B3-40AA-A8DA-12722C1166DC}.Debug|Any CPU.ActiveCfg = Debug|Any CPU
		{0CCB6E7A-A5B3-40AA-A8DA-12722C1166DC}.Debug|Any CPU.Build.0 = Debug|Any CPU
		{0CCB6E7A-A5B3-40AA-A8DA-12722C1166DC}.Release|Any CPU.ActiveCfg = Release|Any CPU
		{0CCB6E7A-A5B3-40AA-A8DA-12722C1166DC}.Release|Any CPU.Build.0 = Release|Any CPU
		{0CCB6E7A-A5B3-40AA-A8DA-12722C1166DC}.Release-NET451|Any CPU.ActiveCfg = Release|Any CPU
		{0CCB6E7A-A5B3-40AA-A8DA-12722C1166DC}.Release-NET451|Any CPU.Build.0 = Release|Any CPU
		{0CCB6E7A-A5B3-40AA-A8DA-12722C1166DC}.Release-NET461|Any CPU.ActiveCfg = Release|Any CPU
		{0CCB6E7A-A5B3-40AA-A8DA-12722C1166DC}.Release-NET461|Any CPU.Build.0 = Release|Any CPU
		{3B79B7AC-FD24-4114-BE7E-2A1AD34DCC51}.Debug|Any CPU.ActiveCfg = Debug|Any CPU
		{3B79B7AC-FD24-4114-BE7E-2A1AD34DCC51}.Debug|Any CPU.Build.0 = Debug|Any CPU
		{3B79B7AC-FD24-4114-BE7E-2A1AD34DCC51}.Release|Any CPU.ActiveCfg = Release|Any CPU
		{3B79B7AC-FD24-4114-BE7E-2A1AD34DCC51}.Release|Any CPU.Build.0 = Release|Any CPU
		{3B79B7AC-FD24-4114-BE7E-2A1AD34DCC51}.Release-NET451|Any CPU.ActiveCfg = Release|Any CPU
		{3B79B7AC-FD24-4114-BE7E-2A1AD34DCC51}.Release-NET451|Any CPU.Build.0 = Release|Any CPU
		{3B79B7AC-FD24-4114-BE7E-2A1AD34DCC51}.Release-NET461|Any CPU.ActiveCfg = Release|Any CPU
		{3B79B7AC-FD24-4114-BE7E-2A1AD34DCC51}.Release-NET461|Any CPU.Build.0 = Release|Any CPU
		{B7A6BE55-51CF-45EA-91A5-8CBA12972646}.Debug|Any CPU.ActiveCfg = Debug|Any CPU
		{B7A6BE55-51CF-45EA-91A5-8CBA12972646}.Debug|Any CPU.Build.0 = Debug|Any CPU
		{B7A6BE55-51CF-45EA-91A5-8CBA12972646}.Release|Any CPU.ActiveCfg = Release|Any CPU
		{B7A6BE55-51CF-45EA-91A5-8CBA12972646}.Release|Any CPU.Build.0 = Release|Any CPU
		{B7A6BE55-51CF-45EA-91A5-8CBA12972646}.Release-NET451|Any CPU.ActiveCfg = Release|Any CPU
		{B7A6BE55-51CF-45EA-91A5-8CBA12972646}.Release-NET451|Any CPU.Build.0 = Release|Any CPU
		{B7A6BE55-51CF-45EA-91A5-8CBA12972646}.Release-NET461|Any CPU.ActiveCfg = Release|Any CPU
		{B7A6BE55-51CF-45EA-91A5-8CBA12972646}.Release-NET461|Any CPU.Build.0 = Release|Any CPU
		{816B6E42-4D60-4251-8F2D-6DF939424E74}.Debug|Any CPU.ActiveCfg = Debug|Any CPU
		{816B6E42-4D60-4251-8F2D-6DF939424E74}.Debug|Any CPU.Build.0 = Debug|Any CPU
		{816B6E42-4D60-4251-8F2D-6DF939424E74}.Release|Any CPU.ActiveCfg = Release|Any CPU
		{816B6E42-4D60-4251-8F2D-6DF939424E74}.Release|Any CPU.Build.0 = Release|Any CPU
		{816B6E42-4D60-4251-8F2D-6DF939424E74}.Release-NET451|Any CPU.ActiveCfg = Release|Any CPU
		{816B6E42-4D60-4251-8F2D-6DF939424E74}.Release-NET451|Any CPU.Build.0 = Release|Any CPU
		{816B6E42-4D60-4251-8F2D-6DF939424E74}.Release-NET461|Any CPU.ActiveCfg = Release|Any CPU
		{816B6E42-4D60-4251-8F2D-6DF939424E74}.Release-NET461|Any CPU.Build.0 = Release|Any CPU
		{3E1FF27F-6B35-45BE-8264-8218066094F0}.Debug|Any CPU.ActiveCfg = Debug|Any CPU
		{3E1FF27F-6B35-45BE-8264-8218066094F0}.Debug|Any CPU.Build.0 = Debug|Any CPU
		{3E1FF27F-6B35-45BE-8264-8218066094F0}.Release|Any CPU.ActiveCfg = Release|Any CPU
		{3E1FF27F-6B35-45BE-8264-8218066094F0}.Release|Any CPU.Build.0 = Release|Any CPU
		{3E1FF27F-6B35-45BE-8264-8218066094F0}.Release-NET451|Any CPU.ActiveCfg = Release|Any CPU
		{3E1FF27F-6B35-45BE-8264-8218066094F0}.Release-NET451|Any CPU.Build.0 = Release|Any CPU
		{3E1FF27F-6B35-45BE-8264-8218066094F0}.Release-NET461|Any CPU.ActiveCfg = Release|Any CPU
		{3E1FF27F-6B35-45BE-8264-8218066094F0}.Release-NET461|Any CPU.Build.0 = Release|Any CPU
		{9A925EB8-51C1-4345-BC2E-4A6E5A12C2E7}.Debug|Any CPU.ActiveCfg = Debug|Any CPU
		{9A925EB8-51C1-4345-BC2E-4A6E5A12C2E7}.Debug|Any CPU.Build.0 = Debug|Any CPU
		{9A925EB8-51C1-4345-BC2E-4A6E5A12C2E7}.Release|Any CPU.ActiveCfg = Release|Any CPU
		{9A925EB8-51C1-4345-BC2E-4A6E5A12C2E7}.Release|Any CPU.Build.0 = Release|Any CPU
		{9A925EB8-51C1-4345-BC2E-4A6E5A12C2E7}.Release-NET451|Any CPU.ActiveCfg = Release|Any CPU
		{9A925EB8-51C1-4345-BC2E-4A6E5A12C2E7}.Release-NET451|Any CPU.Build.0 = Release|Any CPU
		{9A925EB8-51C1-4345-BC2E-4A6E5A12C2E7}.Release-NET461|Any CPU.ActiveCfg = Release|Any CPU
		{9A925EB8-51C1-4345-BC2E-4A6E5A12C2E7}.Release-NET461|Any CPU.Build.0 = Release|Any CPU
		{5D5942FD-210E-4ADC-8314-9C7EC00F2C39}.Debug|Any CPU.ActiveCfg = Debug|Any CPU
		{5D5942FD-210E-4ADC-8314-9C7EC00F2C39}.Debug|Any CPU.Build.0 = Debug|Any CPU
		{5D5942FD-210E-4ADC-8314-9C7EC00F2C39}.Release|Any CPU.ActiveCfg = Release|Any CPU
		{5D5942FD-210E-4ADC-8314-9C7EC00F2C39}.Release|Any CPU.Build.0 = Release|Any CPU
		{5D5942FD-210E-4ADC-8314-9C7EC00F2C39}.Release-NET451|Any CPU.ActiveCfg = Release|Any CPU
		{5D5942FD-210E-4ADC-8314-9C7EC00F2C39}.Release-NET451|Any CPU.Build.0 = Release|Any CPU
		{5D5942FD-210E-4ADC-8314-9C7EC00F2C39}.Release-NET461|Any CPU.ActiveCfg = Release|Any CPU
		{5D5942FD-210E-4ADC-8314-9C7EC00F2C39}.Release-NET461|Any CPU.Build.0 = Release|Any CPU
		{BE85B6F5-4068-41B8-A587-DD505F286D31}.Debug|Any CPU.ActiveCfg = Debug|Any CPU
		{BE85B6F5-4068-41B8-A587-DD505F286D31}.Debug|Any CPU.Build.0 = Debug|Any CPU
		{BE85B6F5-4068-41B8-A587-DD505F286D31}.Release|Any CPU.ActiveCfg = Release|Any CPU
		{BE85B6F5-4068-41B8-A587-DD505F286D31}.Release|Any CPU.Build.0 = Release|Any CPU
		{BE85B6F5-4068-41B8-A587-DD505F286D31}.Release-NET451|Any CPU.ActiveCfg = Release|Any CPU
		{BE85B6F5-4068-41B8-A587-DD505F286D31}.Release-NET451|Any CPU.Build.0 = Release|Any CPU
		{BE85B6F5-4068-41B8-A587-DD505F286D31}.Release-NET461|Any CPU.ActiveCfg = Release|Any CPU
		{BE85B6F5-4068-41B8-A587-DD505F286D31}.Release-NET461|Any CPU.Build.0 = Release|Any CPU
		{35EAF676-CCA4-4D53-891A-5CF68AB85A82}.Debug|Any CPU.ActiveCfg = Debug|Any CPU
		{35EAF676-CCA4-4D53-891A-5CF68AB85A82}.Debug|Any CPU.Build.0 = Debug|Any CPU
		{35EAF676-CCA4-4D53-891A-5CF68AB85A82}.Release|Any CPU.ActiveCfg = Release|Any CPU
		{35EAF676-CCA4-4D53-891A-5CF68AB85A82}.Release|Any CPU.Build.0 = Release|Any CPU
		{35EAF676-CCA4-4D53-891A-5CF68AB85A82}.Release-NET451|Any CPU.ActiveCfg = Release|Any CPU
		{35EAF676-CCA4-4D53-891A-5CF68AB85A82}.Release-NET451|Any CPU.Build.0 = Release|Any CPU
		{35EAF676-CCA4-4D53-891A-5CF68AB85A82}.Release-NET461|Any CPU.ActiveCfg = Release|Any CPU
		{35EAF676-CCA4-4D53-891A-5CF68AB85A82}.Release-NET461|Any CPU.Build.0 = Release|Any CPU
	EndGlobalSection
	GlobalSection(SolutionProperties) = preSolution
		HideSolutionNode = FALSE
	EndGlobalSection
	GlobalSection(ExtensibilityGlobals) = postSolution
		SolutionGuid = {74E59B64-FABA-4AF5-96D1-8F7D709ED039}
	EndGlobalSection
EndGlobal
