
Microsoft Visual Studio Solution File, Format Version 12.00
# Visual Studio 15
VisualStudioVersion = 15.0.28010.2026
MinimumVisualStudioVersion = 10.0.40219.1
Project("{FAE04EC0-301F-11D3-BF4B-00C04F79EFBC}") = "Chef.Extensions.String", "Chef.Extensions.String\Chef.Extensions.String.csproj", "{4A817E5A-0DCE-466A-9252-C5FB69EBF9C0}"
EndProject
Project("{FAE04EC0-301F-11D3-BF4B-00C04F79EFBC}") = "Chef.Extensions.Data", "Chef.Extensions.Data\Chef.Extensions.Data.csproj", "{DA927E1A-EE96-4617-AF41-1B780E938B54}"
EndProject
Project("{FAE04EC0-301F-11D3-BF4B-00C04F79EFBC}") = "Chef.Extensions.DateTime", "Chef.Extensions.DateTime\Chef.Extensions.DateTime.csproj", "{B673B898-AF71-4701-A73B-AD89B711FF07}"
EndProject
Project("{FAE04EC0-301F-11D3-BF4B-00C04F79EFBC}") = "Chef.Extensions.IEnumerable", "Chef.Extensions.IEnumerable\Chef.Extensions.IEnumerable.csproj", "{069C7E8F-B324-41FA-9258-573B94C345C0}"
EndProject
Project("{FAE04EC0-301F-11D3-BF4B-00C04F79EFBC}") = "Chef.Extensions.FormControl", "Chef.Extensions.FormControl\Chef.Extensions.FormControl.csproj", "{75900179-FF27-41F1-99AE-F7CB2457C447}"
EndProject
Project("{FAE04EC0-301F-11D3-BF4B-00C04F79EFBC}") = "Chef.Extensions.Dapper", "Chef.Extensions.Dapper\Chef.Extensions.Dapper.csproj", "{040C5A56-6B70-43CB-B580-8AAA9DA608A6}"
EndProject
Project("{FAE04EC0-301F-11D3-BF4B-00C04F79EFBC}") = "Chef.Extensions.Double", "Chef.Extensions.Double\Chef.Extensions.Double.csproj", "{A208FF29-2BAA-4BE4-8BD4-CA8FACFC353C}"
EndProject
Project("{FAE04EC0-301F-11D3-BF4B-00C04F79EFBC}") = "Chef.Extensions.Type", "Chef.Extensions.Type\Chef.Extensions.Type.csproj", "{7D6D41AB-DF92-4EAC-9A37-6D62ABF351DB}"
EndProject
Project("{FAE04EC0-301F-11D3-BF4B-00C04F79EFBC}") = "Chef.Extensions.Dictionary", "Chef.Extensions.Dictionary\Chef.Extensions.Dictionary.csproj", "{0782168D-5C7E-4579-9EDD-EE15A52CB8CE}"
EndProject
Project("{FAE04EC0-301F-11D3-BF4B-00C04F79EFBC}") = "Chef.Extensions.Boolean", "Chef.Extensions.Boolean\Chef.Extensions.Boolean.csproj", "{10B28FFF-838D-4985-89DD-AB8DDE017BB0}"
EndProject
Project("{FAE04EC0-301F-11D3-BF4B-00C04F79EFBC}") = "Chef.Extensions.Dapper.NET451", "Chef.Extensions.Dapper.NET451\Chef.Extensions.Dapper.NET451.csproj", "{CB3C580D-4AF4-491C-A4E9-FCA8F2773445}"
EndProject
Project("{FAE04EC0-301F-11D3-BF4B-00C04F79EFBC}") = "Chef.Extensions.Dapper.NET461", "Chef.Extensions.Dapper.NET461\Chef.Extensions.Dapper.NET461.csproj", "{B71FDDF8-2E42-4010-AD43-F48F0369FD10}"
EndProject
Project("{FAE04EC0-301F-11D3-BF4B-00C04F79EFBC}") = "Chef.Extensions.String.NET451", "Chef.Extensions.String.NET451\Chef.Extensions.String.NET451.csproj", "{611F57E0-D2CB-4C13-856F-B25011D5E903}"
EndProject
Project("{FAE04EC0-301F-11D3-BF4B-00C04F79EFBC}") = "Chef.Extensions.String.NET461", "Chef.Extensions.String.NET461\Chef.Extensions.String.NET461.csproj", "{A391D72C-9C4D-41F0-820A-3A51E54AAE70}"
EndProject
Project("{FAE04EC0-301F-11D3-BF4B-00C04F79EFBC}") = "Chef.Extensions.Boolean.NET451", "Chef.Extensions.Boolean.NET451\Chef.Extensions.Boolean.NET451.csproj", "{F4943C42-1E43-47D5-9C91-D035D766C3EE}"
EndProject
Project("{FAE04EC0-301F-11D3-BF4B-00C04F79EFBC}") = "Chef.Extensions.Boolean.NET461", "Chef.Extensions.Boolean.NET461\Chef.Extensions.Boolean.NET461.csproj", "{48A6D4AB-B7ED-4C93-AB85-116BE5C778B1}"
EndProject
Project("{FAE04EC0-301F-11D3-BF4B-00C04F79EFBC}") = "Chef.Extensions.Double.NET451", "Chef.Extensions.Double.NET451\Chef.Extensions.Double.NET451.csproj", "{F60FD88C-0621-43DA-8CDF-C7255CAC00EC}"
EndProject
Project("{FAE04EC0-301F-11D3-BF4B-00C04F79EFBC}") = "Chef.Extensions.Double.NET461", "Chef.Extensions.Double.NET461\Chef.Extensions.Double.NET461.csproj", "{4EECF567-ACD8-4ED8-B80C-5309515DB2A3}"
EndProject
Project("{FAE04EC0-301F-11D3-BF4B-00C04F79EFBC}") = "Chef.Extensions.Data.NET451", "Chef.Extensions.Data.NET451\Chef.Extensions.Data.NET451.csproj", "{1C97C87E-5B84-4E2B-98F3-E3B763A61E84}"
EndProject
Project("{FAE04EC0-301F-11D3-BF4B-00C04F79EFBC}") = "Chef.Extensions.Data.NET461", "Chef.Extensions.Data.NET461\Chef.Extensions.Data.NET461.csproj", "{544F412E-3FFA-4B09-BDF2-3F70D1EFC2B5}"
EndProject
Project("{FAE04EC0-301F-11D3-BF4B-00C04F79EFBC}") = "Chef.Extensions.DateTime.NET461", "Chef.Extensions.DateTime.NET461\Chef.Extensions.DateTime.NET461.csproj", "{6A92EB8E-D3B5-4581-9ABD-E01F5B76CE01}"
EndProject
Project("{FAE04EC0-301F-11D3-BF4B-00C04F79EFBC}") = "Chef.Extensions.DateTime.NET451", "Chef.Extensions.DateTime.NET451\Chef.Extensions.DateTime.NET451.csproj", "{6E929BD9-0619-414D-97A5-DA89EEAB25E3}"
EndProject
Project("{FAE04EC0-301F-11D3-BF4B-00C04F79EFBC}") = "Chef.Extensions.Dictionary.NET451", "Chef.Extensions.Dictionary.NET451\Chef.Extensions.Dictionary.NET451.csproj", "{BDF3CA7E-62E9-4B67-885A-405BBDDAE006}"
EndProject
Project("{FAE04EC0-301F-11D3-BF4B-00C04F79EFBC}") = "Chef.Extensions.Dictionary.NET461", "Chef.Extensions.Dictionary.NET461\Chef.Extensions.Dictionary.NET461.csproj", "{BB2A0E39-C561-480E-946D-DA9ED55E5C69}"
EndProject
Project("{FAE04EC0-301F-11D3-BF4B-00C04F79EFBC}") = "Chef.Extensions.FormControl.NET461", "Chef.Extensions.FormControl.NET461\Chef.Extensions.FormControl.NET461.csproj", "{C7B05883-A8DB-4322-A791-D045D56A0F8E}"
EndProject
Project("{FAE04EC0-301F-11D3-BF4B-00C04F79EFBC}") = "Chef.Extensions.FormControl.NET451", "Chef.Extensions.FormControl.NET451\Chef.Extensions.FormControl.NET451.csproj", "{0585F4EA-4314-41FA-90D1-22DABA87CF55}"
EndProject
Project("{FAE04EC0-301F-11D3-BF4B-00C04F79EFBC}") = "Chef.Extensions.IEnumerable.NET451", "Chef.Extensions.IEnumerable.NET451\Chef.Extensions.IEnumerable.NET451.csproj", "{4E365BEB-E41E-43D7-97BA-F1EC39B9174A}"
EndProject
Project("{FAE04EC0-301F-11D3-BF4B-00C04F79EFBC}") = "Chef.Extensions.IEnumerable.NET461", "Chef.Extensions.IEnumerable.NET461\Chef.Extensions.IEnumerable.NET461.csproj", "{9604AC1F-0672-425B-8F7E-7D291E9E975A}"
EndProject
Project("{FAE04EC0-301F-11D3-BF4B-00C04F79EFBC}") = "Chef.Extensions.Type.NET461", "Chef.Extensions.Type.NET461\Chef.Extensions.Type.NET461.csproj", "{AF555EA6-DCA5-4897-866B-18CB4A3F8CA8}"
EndProject
Project("{FAE04EC0-301F-11D3-BF4B-00C04F79EFBC}") = "Chef.Extensions.Type.NET451", "Chef.Extensions.Type.NET451\Chef.Extensions.Type.NET451.csproj", "{2C07D3D9-92DC-46CF-8362-5017E8BA868D}"
EndProject
Project("{FAE04EC0-301F-11D3-BF4B-00C04F79EFBC}") = "Chef.Extensions.Controller", "Chef.Extensions.Controller\Chef.Extensions.Controller.csproj", "{581C46DC-F654-44A1-B487-B2081A13F835}"
EndProject
Project("{FAE04EC0-301F-11D3-BF4B-00C04F79EFBC}") = "Chef.Extensions.Controller.NET451", "Chef.Extensions.Controller.NET451\Chef.Extensions.Controller.NET451.csproj", "{0CCB6E7A-A5B3-40AA-A8DA-12722C1166DC}"
EndProject
Project("{FAE04EC0-301F-11D3-BF4B-00C04F79EFBC}") = "Chef.Extensions.Controller.NET461", "Chef.Extensions.Controller.NET461\Chef.Extensions.Controller.NET461.csproj", "{3B79B7AC-FD24-4114-BE7E-2A1AD34DCC51}"
EndProject
Global
	GlobalSection(SolutionConfigurationPlatforms) = preSolution
		Debug|Any CPU = Debug|Any CPU
		Release|Any CPU = Release|Any CPU
	EndGlobalSection
	GlobalSection(ProjectConfigurationPlatforms) = postSolution
		{4A817E5A-0DCE-466A-9252-C5FB69EBF9C0}.Debug|Any CPU.ActiveCfg = Debug|Any CPU
		{4A817E5A-0DCE-466A-9252-C5FB69EBF9C0}.Debug|Any CPU.Build.0 = Debug|Any CPU
		{4A817E5A-0DCE-466A-9252-C5FB69EBF9C0}.Release|Any CPU.ActiveCfg = Release|Any CPU
		{4A817E5A-0DCE-466A-9252-C5FB69EBF9C0}.Release|Any CPU.Build.0 = Release|Any CPU
		{DA927E1A-EE96-4617-AF41-1B780E938B54}.Debug|Any CPU.ActiveCfg = Debug|Any CPU
		{DA927E1A-EE96-4617-AF41-1B780E938B54}.Debug|Any CPU.Build.0 = Debug|Any CPU
		{DA927E1A-EE96-4617-AF41-1B780E938B54}.Release|Any CPU.ActiveCfg = Release|Any CPU
		{DA927E1A-EE96-4617-AF41-1B780E938B54}.Release|Any CPU.Build.0 = Release|Any CPU
		{B673B898-AF71-4701-A73B-AD89B711FF07}.Debug|Any CPU.ActiveCfg = Debug|Any CPU
		{B673B898-AF71-4701-A73B-AD89B711FF07}.Debug|Any CPU.Build.0 = Debug|Any CPU
		{B673B898-AF71-4701-A73B-AD89B711FF07}.Release|Any CPU.ActiveCfg = Release|Any CPU
		{B673B898-AF71-4701-A73B-AD89B711FF07}.Release|Any CPU.Build.0 = Release|Any CPU
		{069C7E8F-B324-41FA-9258-573B94C345C0}.Debug|Any CPU.ActiveCfg = Debug|Any CPU
		{069C7E8F-B324-41FA-9258-573B94C345C0}.Debug|Any CPU.Build.0 = Debug|Any CPU
		{069C7E8F-B324-41FA-9258-573B94C345C0}.Release|Any CPU.ActiveCfg = Release|Any CPU
		{069C7E8F-B324-41FA-9258-573B94C345C0}.Release|Any CPU.Build.0 = Release|Any CPU
		{75900179-FF27-41F1-99AE-F7CB2457C447}.Debug|Any CPU.ActiveCfg = Debug|Any CPU
		{75900179-FF27-41F1-99AE-F7CB2457C447}.Debug|Any CPU.Build.0 = Debug|Any CPU
		{75900179-FF27-41F1-99AE-F7CB2457C447}.Release|Any CPU.ActiveCfg = Release|Any CPU
		{75900179-FF27-41F1-99AE-F7CB2457C447}.Release|Any CPU.Build.0 = Release|Any CPU
		{040C5A56-6B70-43CB-B580-8AAA9DA608A6}.Debug|Any CPU.ActiveCfg = Debug|Any CPU
		{040C5A56-6B70-43CB-B580-8AAA9DA608A6}.Debug|Any CPU.Build.0 = Debug|Any CPU
		{040C5A56-6B70-43CB-B580-8AAA9DA608A6}.Release|Any CPU.ActiveCfg = Release|Any CPU
		{040C5A56-6B70-43CB-B580-8AAA9DA608A6}.Release|Any CPU.Build.0 = Release|Any CPU
		{A208FF29-2BAA-4BE4-8BD4-CA8FACFC353C}.Debug|Any CPU.ActiveCfg = Debug|Any CPU
		{A208FF29-2BAA-4BE4-8BD4-CA8FACFC353C}.Debug|Any CPU.Build.0 = Debug|Any CPU
		{A208FF29-2BAA-4BE4-8BD4-CA8FACFC353C}.Release|Any CPU.ActiveCfg = Release|Any CPU
		{A208FF29-2BAA-4BE4-8BD4-CA8FACFC353C}.Release|Any CPU.Build.0 = Release|Any CPU
		{7D6D41AB-DF92-4EAC-9A37-6D62ABF351DB}.Debug|Any CPU.ActiveCfg = Debug|Any CPU
		{7D6D41AB-DF92-4EAC-9A37-6D62ABF351DB}.Debug|Any CPU.Build.0 = Debug|Any CPU
		{7D6D41AB-DF92-4EAC-9A37-6D62ABF351DB}.Release|Any CPU.ActiveCfg = Release|Any CPU
		{7D6D41AB-DF92-4EAC-9A37-6D62ABF351DB}.Release|Any CPU.Build.0 = Release|Any CPU
		{0782168D-5C7E-4579-9EDD-EE15A52CB8CE}.Debug|Any CPU.ActiveCfg = Debug|Any CPU
		{0782168D-5C7E-4579-9EDD-EE15A52CB8CE}.Debug|Any CPU.Build.0 = Debug|Any CPU
		{0782168D-5C7E-4579-9EDD-EE15A52CB8CE}.Release|Any CPU.ActiveCfg = Release|Any CPU
		{0782168D-5C7E-4579-9EDD-EE15A52CB8CE}.Release|Any CPU.Build.0 = Release|Any CPU
		{10B28FFF-838D-4985-89DD-AB8DDE017BB0}.Debug|Any CPU.ActiveCfg = Debug|Any CPU
		{10B28FFF-838D-4985-89DD-AB8DDE017BB0}.Debug|Any CPU.Build.0 = Debug|Any CPU
		{10B28FFF-838D-4985-89DD-AB8DDE017BB0}.Release|Any CPU.ActiveCfg = Release|Any CPU
		{10B28FFF-838D-4985-89DD-AB8DDE017BB0}.Release|Any CPU.Build.0 = Release|Any CPU
		{CB3C580D-4AF4-491C-A4E9-FCA8F2773445}.Debug|Any CPU.ActiveCfg = Debug|Any CPU
		{CB3C580D-4AF4-491C-A4E9-FCA8F2773445}.Debug|Any CPU.Build.0 = Debug|Any CPU
		{CB3C580D-4AF4-491C-A4E9-FCA8F2773445}.Release|Any CPU.ActiveCfg = Release|Any CPU
		{CB3C580D-4AF4-491C-A4E9-FCA8F2773445}.Release|Any CPU.Build.0 = Release|Any CPU
		{B71FDDF8-2E42-4010-AD43-F48F0369FD10}.Debug|Any CPU.ActiveCfg = Debug|Any CPU
		{B71FDDF8-2E42-4010-AD43-F48F0369FD10}.Debug|Any CPU.Build.0 = Debug|Any CPU
		{B71FDDF8-2E42-4010-AD43-F48F0369FD10}.Release|Any CPU.ActiveCfg = Release|Any CPU
		{B71FDDF8-2E42-4010-AD43-F48F0369FD10}.Release|Any CPU.Build.0 = Release|Any CPU
		{611F57E0-D2CB-4C13-856F-B25011D5E903}.Debug|Any CPU.ActiveCfg = Debug|Any CPU
		{611F57E0-D2CB-4C13-856F-B25011D5E903}.Debug|Any CPU.Build.0 = Debug|Any CPU
		{611F57E0-D2CB-4C13-856F-B25011D5E903}.Release|Any CPU.ActiveCfg = Release|Any CPU
		{611F57E0-D2CB-4C13-856F-B25011D5E903}.Release|Any CPU.Build.0 = Release|Any CPU
		{A391D72C-9C4D-41F0-820A-3A51E54AAE70}.Debug|Any CPU.ActiveCfg = Debug|Any CPU
		{A391D72C-9C4D-41F0-820A-3A51E54AAE70}.Debug|Any CPU.Build.0 = Debug|Any CPU
		{A391D72C-9C4D-41F0-820A-3A51E54AAE70}.Release|Any CPU.ActiveCfg = Release|Any CPU
		{A391D72C-9C4D-41F0-820A-3A51E54AAE70}.Release|Any CPU.Build.0 = Release|Any CPU
		{F4943C42-1E43-47D5-9C91-D035D766C3EE}.Debug|Any CPU.ActiveCfg = Debug|Any CPU
		{F4943C42-1E43-47D5-9C91-D035D766C3EE}.Debug|Any CPU.Build.0 = Debug|Any CPU
		{F4943C42-1E43-47D5-9C91-D035D766C3EE}.Release|Any CPU.ActiveCfg = Release|Any CPU
		{F4943C42-1E43-47D5-9C91-D035D766C3EE}.Release|Any CPU.Build.0 = Release|Any CPU
		{48A6D4AB-B7ED-4C93-AB85-116BE5C778B1}.Debug|Any CPU.ActiveCfg = Debug|Any CPU
		{48A6D4AB-B7ED-4C93-AB85-116BE5C778B1}.Debug|Any CPU.Build.0 = Debug|Any CPU
		{48A6D4AB-B7ED-4C93-AB85-116BE5C778B1}.Release|Any CPU.ActiveCfg = Release|Any CPU
		{48A6D4AB-B7ED-4C93-AB85-116BE5C778B1}.Release|Any CPU.Build.0 = Release|Any CPU
		{F60FD88C-0621-43DA-8CDF-C7255CAC00EC}.Debug|Any CPU.ActiveCfg = Debug|Any CPU
		{F60FD88C-0621-43DA-8CDF-C7255CAC00EC}.Debug|Any CPU.Build.0 = Debug|Any CPU
		{F60FD88C-0621-43DA-8CDF-C7255CAC00EC}.Release|Any CPU.ActiveCfg = Release|Any CPU
		{F60FD88C-0621-43DA-8CDF-C7255CAC00EC}.Release|Any CPU.Build.0 = Release|Any CPU
		{4EECF567-ACD8-4ED8-B80C-5309515DB2A3}.Debug|Any CPU.ActiveCfg = Debug|Any CPU
		{4EECF567-ACD8-4ED8-B80C-5309515DB2A3}.Debug|Any CPU.Build.0 = Debug|Any CPU
		{4EECF567-ACD8-4ED8-B80C-5309515DB2A3}.Release|Any CPU.ActiveCfg = Release|Any CPU
		{4EECF567-ACD8-4ED8-B80C-5309515DB2A3}.Release|Any CPU.Build.0 = Release|Any CPU
		{1C97C87E-5B84-4E2B-98F3-E3B763A61E84}.Debug|Any CPU.ActiveCfg = Debug|Any CPU
		{1C97C87E-5B84-4E2B-98F3-E3B763A61E84}.Debug|Any CPU.Build.0 = Debug|Any CPU
		{1C97C87E-5B84-4E2B-98F3-E3B763A61E84}.Release|Any CPU.ActiveCfg = Release|Any CPU
		{1C97C87E-5B84-4E2B-98F3-E3B763A61E84}.Release|Any CPU.Build.0 = Release|Any CPU
		{544F412E-3FFA-4B09-BDF2-3F70D1EFC2B5}.Debug|Any CPU.ActiveCfg = Debug|Any CPU
		{544F412E-3FFA-4B09-BDF2-3F70D1EFC2B5}.Debug|Any CPU.Build.0 = Debug|Any CPU
		{544F412E-3FFA-4B09-BDF2-3F70D1EFC2B5}.Release|Any CPU.ActiveCfg = Release|Any CPU
		{544F412E-3FFA-4B09-BDF2-3F70D1EFC2B5}.Release|Any CPU.Build.0 = Release|Any CPU
		{6A92EB8E-D3B5-4581-9ABD-E01F5B76CE01}.Debug|Any CPU.ActiveCfg = Debug|Any CPU
		{6A92EB8E-D3B5-4581-9ABD-E01F5B76CE01}.Debug|Any CPU.Build.0 = Debug|Any CPU
		{6A92EB8E-D3B5-4581-9ABD-E01F5B76CE01}.Release|Any CPU.ActiveCfg = Release|Any CPU
		{6A92EB8E-D3B5-4581-9ABD-E01F5B76CE01}.Release|Any CPU.Build.0 = Release|Any CPU
		{6E929BD9-0619-414D-97A5-DA89EEAB25E3}.Debug|Any CPU.ActiveCfg = Debug|Any CPU
		{6E929BD9-0619-414D-97A5-DA89EEAB25E3}.Debug|Any CPU.Build.0 = Debug|Any CPU
		{6E929BD9-0619-414D-97A5-DA89EEAB25E3}.Release|Any CPU.ActiveCfg = Release|Any CPU
		{6E929BD9-0619-414D-97A5-DA89EEAB25E3}.Release|Any CPU.Build.0 = Release|Any CPU
		{BDF3CA7E-62E9-4B67-885A-405BBDDAE006}.Debug|Any CPU.ActiveCfg = Debug|Any CPU
		{BDF3CA7E-62E9-4B67-885A-405BBDDAE006}.Debug|Any CPU.Build.0 = Debug|Any CPU
		{BDF3CA7E-62E9-4B67-885A-405BBDDAE006}.Release|Any CPU.ActiveCfg = Release|Any CPU
		{BDF3CA7E-62E9-4B67-885A-405BBDDAE006}.Release|Any CPU.Build.0 = Release|Any CPU
		{BB2A0E39-C561-480E-946D-DA9ED55E5C69}.Debug|Any CPU.ActiveCfg = Debug|Any CPU
		{BB2A0E39-C561-480E-946D-DA9ED55E5C69}.Debug|Any CPU.Build.0 = Debug|Any CPU
		{BB2A0E39-C561-480E-946D-DA9ED55E5C69}.Release|Any CPU.ActiveCfg = Release|Any CPU
		{BB2A0E39-C561-480E-946D-DA9ED55E5C69}.Release|Any CPU.Build.0 = Release|Any CPU
		{C7B05883-A8DB-4322-A791-D045D56A0F8E}.Debug|Any CPU.ActiveCfg = Debug|Any CPU
		{C7B05883-A8DB-4322-A791-D045D56A0F8E}.Debug|Any CPU.Build.0 = Debug|Any CPU
		{C7B05883-A8DB-4322-A791-D045D56A0F8E}.Release|Any CPU.ActiveCfg = Release|Any CPU
		{C7B05883-A8DB-4322-A791-D045D56A0F8E}.Release|Any CPU.Build.0 = Release|Any CPU
		{0585F4EA-4314-41FA-90D1-22DABA87CF55}.Debug|Any CPU.ActiveCfg = Debug|Any CPU
		{0585F4EA-4314-41FA-90D1-22DABA87CF55}.Debug|Any CPU.Build.0 = Debug|Any CPU
		{0585F4EA-4314-41FA-90D1-22DABA87CF55}.Release|Any CPU.ActiveCfg = Release|Any CPU
		{0585F4EA-4314-41FA-90D1-22DABA87CF55}.Release|Any CPU.Build.0 = Release|Any CPU
		{4E365BEB-E41E-43D7-97BA-F1EC39B9174A}.Debug|Any CPU.ActiveCfg = Debug|Any CPU
		{4E365BEB-E41E-43D7-97BA-F1EC39B9174A}.Debug|Any CPU.Build.0 = Debug|Any CPU
		{4E365BEB-E41E-43D7-97BA-F1EC39B9174A}.Release|Any CPU.ActiveCfg = Release|Any CPU
		{4E365BEB-E41E-43D7-97BA-F1EC39B9174A}.Release|Any CPU.Build.0 = Release|Any CPU
		{9604AC1F-0672-425B-8F7E-7D291E9E975A}.Debug|Any CPU.ActiveCfg = Debug|Any CPU
		{9604AC1F-0672-425B-8F7E-7D291E9E975A}.Debug|Any CPU.Build.0 = Debug|Any CPU
		{9604AC1F-0672-425B-8F7E-7D291E9E975A}.Release|Any CPU.ActiveCfg = Release|Any CPU
		{9604AC1F-0672-425B-8F7E-7D291E9E975A}.Release|Any CPU.Build.0 = Release|Any CPU
		{AF555EA6-DCA5-4897-866B-18CB4A3F8CA8}.Debug|Any CPU.ActiveCfg = Debug|Any CPU
		{AF555EA6-DCA5-4897-866B-18CB4A3F8CA8}.Debug|Any CPU.Build.0 = Debug|Any CPU
		{AF555EA6-DCA5-4897-866B-18CB4A3F8CA8}.Release|Any CPU.ActiveCfg = Release|Any CPU
		{AF555EA6-DCA5-4897-866B-18CB4A3F8CA8}.Release|Any CPU.Build.0 = Release|Any CPU
		{2C07D3D9-92DC-46CF-8362-5017E8BA868D}.Debug|Any CPU.ActiveCfg = Debug|Any CPU
		{2C07D3D9-92DC-46CF-8362-5017E8BA868D}.Debug|Any CPU.Build.0 = Debug|Any CPU
		{2C07D3D9-92DC-46CF-8362-5017E8BA868D}.Release|Any CPU.ActiveCfg = Release|Any CPU
		{2C07D3D9-92DC-46CF-8362-5017E8BA868D}.Release|Any CPU.Build.0 = Release|Any CPU
		{581C46DC-F654-44A1-B487-B2081A13F835}.Debug|Any CPU.ActiveCfg = Debug|Any CPU
		{581C46DC-F654-44A1-B487-B2081A13F835}.Debug|Any CPU.Build.0 = Debug|Any CPU
		{581C46DC-F654-44A1-B487-B2081A13F835}.Release|Any CPU.ActiveCfg = Release|Any CPU
		{581C46DC-F654-44A1-B487-B2081A13F835}.Release|Any CPU.Build.0 = Release|Any CPU
		{0CCB6E7A-A5B3-40AA-A8DA-12722C1166DC}.Debug|Any CPU.ActiveCfg = Debug|Any CPU
		{0CCB6E7A-A5B3-40AA-A8DA-12722C1166DC}.Debug|Any CPU.Build.0 = Debug|Any CPU
		{0CCB6E7A-A5B3-40AA-A8DA-12722C1166DC}.Release|Any CPU.ActiveCfg = Release|Any CPU
		{0CCB6E7A-A5B3-40AA-A8DA-12722C1166DC}.Release|Any CPU.Build.0 = Release|Any CPU
		{3B79B7AC-FD24-4114-BE7E-2A1AD34DCC51}.Debug|Any CPU.ActiveCfg = Debug|Any CPU
		{3B79B7AC-FD24-4114-BE7E-2A1AD34DCC51}.Debug|Any CPU.Build.0 = Debug|Any CPU
		{3B79B7AC-FD24-4114-BE7E-2A1AD34DCC51}.Release|Any CPU.ActiveCfg = Release|Any CPU
		{3B79B7AC-FD24-4114-BE7E-2A1AD34DCC51}.Release|Any CPU.Build.0 = Release|Any CPU
	EndGlobalSection
	GlobalSection(SolutionProperties) = preSolution
		HideSolutionNode = FALSE
	EndGlobalSection
	GlobalSection(ExtensibilityGlobals) = postSolution
		SolutionGuid = {74E59B64-FABA-4AF5-96D1-8F7D709ED039}
	EndGlobalSection
EndGlobal
